{
  "R": {
    "Version": "4.0.4",
    "Repositories": [
      {
        "Name": "BioCsoft",
        "URL": "https://bioconductor.org/packages/3.12/bioc"
      },
      {
        "Name": "BioCann",
        "URL": "https://bioconductor.org/packages/3.12/data/annotation"
      },
      {
        "Name": "BioCexp",
        "URL": "https://bioconductor.org/packages/3.12/data/experiment"
      },
      {
        "Name": "BioCworkflows",
        "URL": "https://bioconductor.org/packages/3.12/workflows"
      },
      {
        "Name": "CRAN",
        "URL": "https://cran.rstudio.com"
      }
    ]
  },
  "Packages": {
    "renv": {
      "Package": "renv",
      "Version": "0.12.5-22",
      "Source": "GitHub",
      "RemoteType": "github",
      "RemoteUsername": "rstudio",
      "RemoteRepo": "renv",
      "RemoteRef": "master",
      "RemoteSha": "560bf32f00229b561091cde07c314043c966e5ed",
      "RemoteHost": "api.github.com",
      "Hash": "a81ef1caf9b52210a44749b641201375"
    }
  }
}
